{
  "name": "nft",
  "version": "1.0.0",
  "lockfileVersion": 2,
  "requires": true,
  "packages": {
    "": {
      "name": "nft",
      "version": "1.0.0",
      "license": "ISC",
      "dependencies": {
        "@openzeppelin/contracts": "^4.3.3",
        "dotenv": "^10.0.0"
      }
    },
    "node_modules/@openzeppelin/contracts": {
      "version": "4.3.3",
      "resolved": "https://registry.npmjs.org/@openzeppelin/contracts/-/contracts-4.3.3.tgz",
      "integrity": "sha512-tDBopO1c98Yk7Cv/PZlHqrvtVjlgK5R4J6jxLwoO7qxK4xqOiZG+zSkIvGFpPZ0ikc3QOED3plgdqjgNTnBc7g=="
    },
    "node_modules/dotenv": {
      "version": "10.0.0",
      "resolved": "https://registry.npmjs.org/dotenv/-/dotenv-10.0.0.tgz",
      "integrity": "sha512-rlBi9d8jpv9Sf1klPjNfFAuWDjKLwTIJJ/VxtoTwIR6hnZxcEOQCZg2oIL3MWBYw5GpUDKOEnND7LXTbIpQ03Q==",
      "engines": {
        "node": ">=10"
      }
    }
  },
  "dependencies": {
    "@openzeppelin/contracts": {
      "version": "4.3.3",
      "resolved": "https://registry.npmjs.org/@openzeppelin/contracts/-/contracts-4.3.3.tgz",
      "integrity": "sha512-tDBopO1c98Yk7Cv/PZlHqrvtVjlgK5R4J6jxLwoO7qxK4xqOiZG+zSkIvGFpPZ0ikc3QOED3plgdqjgNTnBc7g=="
    },
    "dotenv": {
      "version": "10.0.0",
      "resolved": "https://registry.npmjs.org/dotenv/-/dotenv-10.0.0.tgz",
      "integrity": "sha512-rlBi9d8jpv9Sf1klPjNfFAuWDjKLwTIJJ/VxtoTwIR6hnZxcEOQCZg2oIL3MWBYw5GpUDKOEnND7LXTbIpQ03Q=="
    }
  }
}
